
Microsoft Visual Studio Solution File, Format Version 12.00
# Visual Studio Version 17
VisualStudioVersion = 17.1.32328.378
MinimumVisualStudioVersion = 10.0.40219.1
Project("{FAE04EC0-301F-11D3-BF4B-00C04F79EFBC}") = "IdentityServer", "Security\IdentityServer\IdentityServer.csproj", "{D120C0BA-8165-4C6E-A23F-2569F4D2450B}"
EndProject
Project("{E53339B2-1760-4266-BCC7-CA923CBCF16C}") = "docker-compose", "docker-compose.dcproj", "{1AD00406-B677-4C5C-AEB6-ACBA87BA5142}"
EndProject
Project("{FAE04EC0-301F-11D3-BF4B-00C04F79EFBC}") = "IdentityServer.Tests", "Security\IdentityServer.Tests\IdentityServer.Tests.csproj", "{0B636385-0C4C-4792-9349-D97BD859DCCE}"
EndProject
Global
	GlobalSection(SolutionProperties) = preSolution
		HideSolutionNode = FALSE
	EndGlobalSection
	GlobalSection(ExtensibilityGlobals) = postSolution
		SolutionGuid = {42674DB4-66AD-4C18-BEA7-2ADCFF8E3FC3}
	EndGlobalSection
	GlobalSection(SolutionConfigurationPlatforms) = preSolution
		Debug|Any CPU = Debug|Any CPU
		Release|Any CPU = Release|Any CPU
	EndGlobalSection
	GlobalSection(ProjectConfigurationPlatforms) = postSolution
		{D120C0BA-8165-4C6E-A23F-2569F4D2450B}.Debug|Any CPU.ActiveCfg = Debug|Any CPU
		{D120C0BA-8165-4C6E-A23F-2569F4D2450B}.Debug|Any CPU.Build.0 = Debug|Any CPU
		{D120C0BA-8165-4C6E-A23F-2569F4D2450B}.Release|Any CPU.ActiveCfg = Release|Any CPU
		{D120C0BA-8165-4C6E-A23F-2569F4D2450B}.Release|Any CPU.Build.0 = Release|Any CPU
		{1AD00406-B677-4C5C-AEB6-ACBA87BA5142}.Debug|Any CPU.ActiveCfg = Debug|Any CPU
		{1AD00406-B677-4C5C-AEB6-ACBA87BA5142}.Debug|Any CPU.Build.0 = Debug|Any CPU
		{1AD00406-B677-4C5C-AEB6-ACBA87BA5142}.Release|Any CPU.ActiveCfg = Release|Any CPU
		{1AD00406-B677-4C5C-AEB6-ACBA87BA5142}.Release|Any CPU.Build.0 = Release|Any CPU
		{0B636385-0C4C-4792-9349-D97BD859DCCE}.Debug|Any CPU.ActiveCfg = Debug|Any CPU
		{0B636385-0C4C-4792-9349-D97BD859DCCE}.Debug|Any CPU.Build.0 = Debug|Any CPU
		{0B636385-0C4C-4792-9349-D97BD859DCCE}.Release|Any CPU.ActiveCfg = Release|Any CPU
		{0B636385-0C4C-4792-9349-D97BD859DCCE}.Release|Any CPU.Build.0 = Release|Any CPU
	EndGlobalSection
EndGlobal
